
Microsoft Visual Studio Solution File, Format Version 12.00
# Visual Studio 15
VisualStudioVersion = 15.0.26228.4
MinimumVisualStudioVersion = 10.0.40219.1
Project("{FAE04EC0-301F-11D3-BF4B-00C04F79EFBC}") = "Company Shares Forecaster", "Company Shares Forecaster\Company Shares Forecaster.csproj", "{B508C27D-8A33-4F57-833D-736C82D5CA0F}"
EndProject
Project("{FAE04EC0-301F-11D3-BF4B-00C04F79EFBC}") = "CustomLib", "CustomLib\CustomLib.csproj", "{078ECE88-6744-4BCB-8EB6-98CE4B96EA81}"
EndProject
Global
	GlobalSection(SolutionConfigurationPlatforms) = preSolution
		Debug|Any CPU = Debug|Any CPU
		Release|Any CPU = Release|Any CPU
	EndGlobalSection
	GlobalSection(ProjectConfigurationPlatforms) = postSolution
		{B508C27D-8A33-4F57-833D-736C82D5CA0F}.Debug|Any CPU.ActiveCfg = Debug|Any CPU
		{B508C27D-8A33-4F57-833D-736C82D5CA0F}.Debug|Any CPU.Build.0 = Debug|Any CPU
		{B508C27D-8A33-4F57-833D-736C82D5CA0F}.Release|Any CPU.ActiveCfg = Release|Any CPU
		{B508C27D-8A33-4F57-833D-736C82D5CA0F}.Release|Any CPU.Build.0 = Release|Any CPU
		{078ECE88-6744-4BCB-8EB6-98CE4B96EA81}.Debug|Any CPU.ActiveCfg = Debug|Any CPU
		{078ECE88-6744-4BCB-8EB6-98CE4B96EA81}.Debug|Any CPU.Build.0 = Debug|Any CPU
		{078ECE88-6744-4BCB-8EB6-98CE4B96EA81}.Release|Any CPU.ActiveCfg = Release|Any CPU
		{078ECE88-6744-4BCB-8EB6-98CE4B96EA81}.Release|Any CPU.Build.0 = Release|Any CPU
	EndGlobalSection
	GlobalSection(SolutionProperties) = preSolution
		HideSolutionNode = FALSE
	EndGlobalSection
EndGlobal
